Microsoft Visual Studio Solution File, Format Version 12.00
# Visual Studio Version 17
VisualStudioVersion = 17.5.2.0
MinimumVisualStudioVersion = 10.0.40219.1
Project("{FAE04EC0-301F-11D3-BF4B-00C04F79EFBC}") = "ProductionCalendarJSON", "ProductionCalendarJSON.csproj", "{6F56E627-6D92-1CDE-4513-695E2D528909}"
EndProject
Global
	GlobalSection(SolutionConfigurationPlatforms) = preSolution
		Debug|Any CPU = Debug|Any CPU
		Release|Any CPU = Release|Any CPU
	EndGlobalSection
	GlobalSection(ProjectConfigurationPlatforms) = postSolution
		{6F56E627-6D92-1CDE-4513-695E2D528909}.Debug|Any CPU.ActiveCfg = Debug|Any CPU
		{6F56E627-6D92-1CDE-4513-695E2D528909}.Debug|Any CPU.Build.0 = Debug|Any CPU
		{6F56E627-6D92-1CDE-4513-695E2D528909}.Release|Any CPU.ActiveCfg = Release|Any CPU
		{6F56E627-6D92-1CDE-4513-695E2D528909}.Release|Any CPU.Build.0 = Release|Any CPU
	EndGlobalSection
	GlobalSection(SolutionProperties) = preSolution
		HideSolutionNode = FALSE
	EndGlobalSection
	GlobalSection(ExtensibilityGlobals) = postSolution
		SolutionGuid = {394BC45C-CAAA-4E17-9199-A8D43D680296}
	EndGlobalSection
EndGlobal
